
Microsoft Visual Studio Solution File, Format Version 12.00
# Visual Studio Version 16
VisualStudioVersion = 16.0.31005.135
MinimumVisualStudioVersion = 10.0.40219.1
Project("{8BC9CEB8-8B4A-11D0-8D11-00A0C91BC942}") = "Compression", "ConsoleApplication1\ConsoleApplication1.vcxproj", "{2663DB5A-14BE-41F8-A71D-756AD2974DB0}"
EndProject
Project("{8BC9CEB8-8B4A-11D0-8D11-00A0C91BC942}") = "OpenChatRoom", "OpenChatRoom\OpenChatRoom.vcxproj", "{DD5F5257-D704-48F5-A0E8-0E3134E1F009}"
EndProject
Project("{8BC9CEB8-8B4A-11D0-8D11-00A0C91BC942}") = "Stablerectangle", "Stablerectangle\Stablerectangle.vcxproj", "{12991631-D6C2-4779-A8ED-98EF8C4D772E}"
EndProject
Project("{8BC9CEB8-8B4A-11D0-8D11-00A0C91BC942}") = "IntervalFriends", "IntervalFriends\IntervalFriends.vcxproj", "{AFAF5FBC-A28F-4577-BE3D-59D311DF5EF2}"
EndProject
Project("{8BC9CEB8-8B4A-11D0-8D11-00A0C91BC942}") = "DupleDelete", "DupleDelete\DupleDelete.vcxproj", "{552E73C2-95BE-44A9-BAC8-78F168F3766A}"
EndProject
Project("{9A19103F-16F7-4668-BE54-9A1E7A4F7556}") = "Matrix", "Matrix\Matrix.csproj", "{300E282A-F4B9-4E14-B501-2030E4875AC2}"
EndProject
Project("{8BC9CEB8-8B4A-11D0-8D11-00A0C91BC942}") = "Training4", "Training4\Training4.vcxproj", "{15FE481D-1F00-4EEC-9CFB-1175019AF3B7}"
EndProject
Project("{8BC9CEB8-8B4A-11D0-8D11-00A0C91BC942}") = "Training5", "UserContainer\UserContainer.vcxproj", "{F2CB0E25-42A6-4378-BF81-4D8FB94FDC04}"
EndProject
Project("{8BC9CEB8-8B4A-11D0-8D11-00A0C91BC942}") = "MusicPlayer", "MusicPlayer\MusicPlayer.vcxproj", "{7EA41B6B-4089-4FCF-98BC-BD3540CD5B77}"
EndProject
Project("{8BC9CEB8-8B4A-11D0-8D11-00A0C91BC942}") = "TreeInversion", "TreeInversion\TreeInversion.vcxproj", "{A23C6CE8-2D2D-4C75-82E7-118CD139B23C}"
EndProject
Project("{8BC9CEB8-8B4A-11D0-8D11-00A0C91BC942}") = "BST", "BST\BST.vcxproj", "{A6AC97FD-B291-4B0B-A6E3-C983E94F40C0}"
EndProject
Project("{8BC9CEB8-8B4A-11D0-8D11-00A0C91BC942}") = "BSTREMIND1", "BSTREMIND1\BSTREMIND1.vcxproj", "{EBB55052-FC4D-4449-B18A-37808BD358B5}"
EndProject
Project("{8BC9CEB8-8B4A-11D0-8D11-00A0C91BC942}") = "CoinsAlgorithm", "CoinsAlgorithm\CoinsAlgorithm.vcxproj", "{6B918507-6556-47A7-80C7-14DEDE516D3C}"
EndProject
Project("{8BC9CEB8-8B4A-11D0-8D11-00A0C91BC942}") = "KakaoFriendsColoringBook", "KakaoFriendsColoringBook\KakaoFriendsColoringBook.vcxproj", "{B863904E-58B7-4995-9D40-5A44A5D83E52}"
EndProject
Global
	GlobalSection(SolutionConfigurationPlatforms) = preSolution
		Debug|Any CPU = Debug|Any CPU
		Debug|x64 = Debug|x64
		Debug|x86 = Debug|x86
		Release|Any CPU = Release|Any CPU
		Release|x64 = Release|x64
		Release|x86 = Release|x86
	EndGlobalSection
	GlobalSection(ProjectConfigurationPlatforms) = postSolution
		{2663DB5A-14BE-41F8-A71D-756AD2974DB0}.Debug|Any CPU.ActiveCfg = Debug|Win32
		{2663DB5A-14BE-41F8-A71D-756AD2974DB0}.Debug|x64.ActiveCfg = Debug|x64
		{2663DB5A-14BE-41F8-A71D-756AD2974DB0}.Debug|x64.Build.0 = Debug|x64
		{2663DB5A-14BE-41F8-A71D-756AD2974DB0}.Debug|x86.ActiveCfg = Debug|Win32
		{2663DB5A-14BE-41F8-A71D-756AD2974DB0}.Debug|x86.Build.0 = Debug|Win32
		{2663DB5A-14BE-41F8-A71D-756AD2974DB0}.Release|Any CPU.ActiveCfg = Release|Win32
		{2663DB5A-14BE-41F8-A71D-756AD2974DB0}.Release|x64.ActiveCfg = Release|x64
		{2663DB5A-14BE-41F8-A71D-756AD2974DB0}.Release|x64.Build.0 = Release|x64
		{2663DB5A-14BE-41F8-A71D-756AD2974DB0}.Release|x86.ActiveCfg = Release|Win32
		{2663DB5A-14BE-41F8-A71D-756AD2974DB0}.Release|x86.Build.0 = Release|Win32
		{DD5F5257-D704-48F5-A0E8-0E3134E1F009}.Debug|Any CPU.ActiveCfg = Debug|Win32
		{DD5F5257-D704-48F5-A0E8-0E3134E1F009}.Debug|x64.ActiveCfg = Debug|x64
		{DD5F5257-D704-48F5-A0E8-0E3134E1F009}.Debug|x64.Build.0 = Debug|x64
		{DD5F5257-D704-48F5-A0E8-0E3134E1F009}.Debug|x86.ActiveCfg = Debug|Win32
		{DD5F5257-D704-48F5-A0E8-0E3134E1F009}.Debug|x86.Build.0 = Debug|Win32
		{DD5F5257-D704-48F5-A0E8-0E3134E1F009}.Release|Any CPU.ActiveCfg = Release|Win32
		{DD5F5257-D704-48F5-A0E8-0E3134E1F009}.Release|x64.ActiveCfg = Release|x64
		{DD5F5257-D704-48F5-A0E8-0E3134E1F009}.Release|x64.Build.0 = Release|x64
		{DD5F5257-D704-48F5-A0E8-0E3134E1F009}.Release|x86.ActiveCfg = Release|Win32
		{DD5F5257-D704-48F5-A0E8-0E3134E1F009}.Release|x86.Build.0 = Release|Win32
		{12991631-D6C2-4779-A8ED-98EF8C4D772E}.Debug|Any CPU.ActiveCfg = Debug|Win32
		{12991631-D6C2-4779-A8ED-98EF8C4D772E}.Debug|x64.ActiveCfg = Debug|x64
		{12991631-D6C2-4779-A8ED-98EF8C4D772E}.Debug|x64.Build.0 = Debug|x64
		{12991631-D6C2-4779-A8ED-98EF8C4D772E}.Debug|x86.ActiveCfg = Debug|Win32
		{12991631-D6C2-4779-A8ED-98EF8C4D772E}.Debug|x86.Build.0 = Debug|Win32
		{12991631-D6C2-4779-A8ED-98EF8C4D772E}.Release|Any CPU.ActiveCfg = Release|Win32
		{12991631-D6C2-4779-A8ED-98EF8C4D772E}.Release|x64.ActiveCfg = Release|x64
		{12991631-D6C2-4779-A8ED-98EF8C4D772E}.Release|x64.Build.0 = Release|x64
		{12991631-D6C2-4779-A8ED-98EF8C4D772E}.Release|x86.ActiveCfg = Release|Win32
		{12991631-D6C2-4779-A8ED-98EF8C4D772E}.Release|x86.Build.0 = Release|Win32
		{AFAF5FBC-A28F-4577-BE3D-59D311DF5EF2}.Debug|Any CPU.ActiveCfg = Debug|Win32
		{AFAF5FBC-A28F-4577-BE3D-59D311DF5EF2}.Debug|x64.ActiveCfg = Debug|x64
		{AFAF5FBC-A28F-4577-BE3D-59D311DF5EF2}.Debug|x64.Build.0 = Debug|x64
		{AFAF5FBC-A28F-4577-BE3D-59D311DF5EF2}.Debug|x86.ActiveCfg = Debug|Win32
		{AFAF5FBC-A28F-4577-BE3D-59D311DF5EF2}.Debug|x86.Build.0 = Debug|Win32
		{AFAF5FBC-A28F-4577-BE3D-59D311DF5EF2}.Release|Any CPU.ActiveCfg = Release|Win32
		{AFAF5FBC-A28F-4577-BE3D-59D311DF5EF2}.Release|x64.ActiveCfg = Release|x64
		{AFAF5FBC-A28F-4577-BE3D-59D311DF5EF2}.Release|x64.Build.0 = Release|x64
		{AFAF5FBC-A28F-4577-BE3D-59D311DF5EF2}.Release|x86.ActiveCfg = Release|Win32
		{AFAF5FBC-A28F-4577-BE3D-59D311DF5EF2}.Release|x86.Build.0 = Release|Win32
		{552E73C2-95BE-44A9-BAC8-78F168F3766A}.Debug|Any CPU.ActiveCfg = Debug|Win32
		{552E73C2-95BE-44A9-BAC8-78F168F3766A}.Debug|x64.ActiveCfg = Debug|x64
		{552E73C2-95BE-44A9-BAC8-78F168F3766A}.Debug|x64.Build.0 = Debug|x64
		{552E73C2-95BE-44A9-BAC8-78F168F3766A}.Debug|x86.ActiveCfg = Debug|Win32
		{552E73C2-95BE-44A9-BAC8-78F168F3766A}.Debug|x86.Build.0 = Debug|Win32
		{552E73C2-95BE-44A9-BAC8-78F168F3766A}.Release|Any CPU.ActiveCfg = Release|Win32
		{552E73C2-95BE-44A9-BAC8-78F168F3766A}.Release|x64.ActiveCfg = Release|x64
		{552E73C2-95BE-44A9-BAC8-78F168F3766A}.Release|x64.Build.0 = Release|x64
		{552E73C2-95BE-44A9-BAC8-78F168F3766A}.Release|x86.ActiveCfg = Release|Win32
		{552E73C2-95BE-44A9-BAC8-78F168F3766A}.Release|x86.Build.0 = Release|Win32
		{300E282A-F4B9-4E14-B501-2030E4875AC2}.Debug|Any CPU.ActiveCfg = Debug|Any CPU
		{300E282A-F4B9-4E14-B501-2030E4875AC2}.Debug|Any CPU.Build.0 = Debug|Any CPU
		{300E282A-F4B9-4E14-B501-2030E4875AC2}.Debug|x64.ActiveCfg = Debug|Any CPU
		{300E282A-F4B9-4E14-B501-2030E4875AC2}.Debug|x64.Build.0 = Debug|Any CPU
		{300E282A-F4B9-4E14-B501-2030E4875AC2}.Debug|x86.ActiveCfg = Debug|Any CPU
		{300E282A-F4B9-4E14-B501-2030E4875AC2}.Debug|x86.Build.0 = Debug|Any CPU
		{300E282A-F4B9-4E14-B501-2030E4875AC2}.Release|Any CPU.ActiveCfg = Release|Any CPU
		{300E282A-F4B9-4E14-B501-2030E4875AC2}.Release|Any CPU.Build.0 = Release|Any CPU
		{300E282A-F4B9-4E14-B501-2030E4875AC2}.Release|x64.ActiveCfg = Release|Any CPU
		{300E282A-F4B9-4E14-B501-2030E4875AC2}.Release|x64.Build.0 = Release|Any CPU
		{300E282A-F4B9-4E14-B501-2030E4875AC2}.Release|x86.ActiveCfg = Release|Any CPU
		{300E282A-F4B9-4E14-B501-2030E4875AC2}.Release|x86.Build.0 = Release|Any CPU
		{15FE481D-1F00-4EEC-9CFB-1175019AF3B7}.Debug|Any CPU.ActiveCfg = Debug|Win32
		{15FE481D-1F00-4EEC-9CFB-1175019AF3B7}.Debug|x64.ActiveCfg = Debug|x64
		{15FE481D-1F00-4EEC-9CFB-1175019AF3B7}.Debug|x64.Build.0 = Debug|x64
		{15FE481D-1F00-4EEC-9CFB-1175019AF3B7}.Debug|x86.ActiveCfg = Debug|Win32
		{15FE481D-1F00-4EEC-9CFB-1175019AF3B7}.Debug|x86.Build.0 = Debug|Win32
		{15FE481D-1F00-4EEC-9CFB-1175019AF3B7}.Release|Any CPU.ActiveCfg = Release|Win32
		{15FE481D-1F00-4EEC-9CFB-1175019AF3B7}.Release|x64.ActiveCfg = Release|x64
		{15FE481D-1F00-4EEC-9CFB-1175019AF3B7}.Release|x64.Build.0 = Release|x64
		{15FE481D-1F00-4EEC-9CFB-1175019AF3B7}.Release|x86.ActiveCfg = Release|Win32
		{15FE481D-1F00-4EEC-9CFB-1175019AF3B7}.Release|x86.Build.0 = Release|Win32
		{F2CB0E25-42A6-4378-BF81-4D8FB94FDC04}.Debug|Any CPU.ActiveCfg = Debug|Win32
		{F2CB0E25-42A6-4378-BF81-4D8FB94FDC04}.Debug|x64.ActiveCfg = Debug|x64
		{F2CB0E25-42A6-4378-BF81-4D8FB94FDC04}.Debug|x64.Build.0 = Debug|x64
		{F2CB0E25-42A6-4378-BF81-4D8FB94FDC04}.Debug|x86.ActiveCfg = Debug|Win32
		{F2CB0E25-42A6-4378-BF81-4D8FB94FDC04}.Debug|x86.Build.0 = Debug|Win32
		{F2CB0E25-42A6-4378-BF81-4D8FB94FDC04}.Release|Any CPU.ActiveCfg = Release|Win32
		{F2CB0E25-42A6-4378-BF81-4D8FB94FDC04}.Release|x64.ActiveCfg = Release|x64
		{F2CB0E25-42A6-4378-BF81-4D8FB94FDC04}.Release|x64.Build.0 = Release|x64
		{F2CB0E25-42A6-4378-BF81-4D8FB94FDC04}.Release|x86.ActiveCfg = Release|Win32
		{F2CB0E25-42A6-4378-BF81-4D8FB94FDC04}.Release|x86.Build.0 = Release|Win32
		{7EA41B6B-4089-4FCF-98BC-BD3540CD5B77}.Debug|Any CPU.ActiveCfg = Debug|Win32
		{7EA41B6B-4089-4FCF-98BC-BD3540CD5B77}.Debug|x64.ActiveCfg = Debug|x64
		{7EA41B6B-4089-4FCF-98BC-BD3540CD5B77}.Debug|x64.Build.0 = Debug|x64
		{7EA41B6B-4089-4FCF-98BC-BD3540CD5B77}.Debug|x86.ActiveCfg = Debug|Win32
		{7EA41B6B-4089-4FCF-98BC-BD3540CD5B77}.Debug|x86.Build.0 = Debug|Win32
		{7EA41B6B-4089-4FCF-98BC-BD3540CD5B77}.Release|Any CPU.ActiveCfg = Release|Win32
		{7EA41B6B-4089-4FCF-98BC-BD3540CD5B77}.Release|x64.ActiveCfg = Release|x64
		{7EA41B6B-4089-4FCF-98BC-BD3540CD5B77}.Release|x64.Build.0 = Release|x64
		{7EA41B6B-4089-4FCF-98BC-BD3540CD5B77}.Release|x86.ActiveCfg = Release|Win32
		{7EA41B6B-4089-4FCF-98BC-BD3540CD5B77}.Release|x86.Build.0 = Release|Win32
		{A23C6CE8-2D2D-4C75-82E7-118CD139B23C}.Debug|Any CPU.ActiveCfg = Debug|Win32
		{A23C6CE8-2D2D-4C75-82E7-118CD139B23C}.Debug|x64.ActiveCfg = Debug|x64
		{A23C6CE8-2D2D-4C75-82E7-118CD139B23C}.Debug|x64.Build.0 = Debug|x64
		{A23C6CE8-2D2D-4C75-82E7-118CD139B23C}.Debug|x86.ActiveCfg = Debug|Win32
		{A23C6CE8-2D2D-4C75-82E7-118CD139B23C}.Debug|x86.Build.0 = Debug|Win32
		{A23C6CE8-2D2D-4C75-82E7-118CD139B23C}.Release|Any CPU.ActiveCfg = Release|Win32
		{A23C6CE8-2D2D-4C75-82E7-118CD139B23C}.Release|x64.ActiveCfg = Release|x64
		{A23C6CE8-2D2D-4C75-82E7-118CD139B23C}.Release|x64.Build.0 = Release|x64
		{A23C6CE8-2D2D-4C75-82E7-118CD139B23C}.Release|x86.ActiveCfg = Release|Win32
		{A23C6CE8-2D2D-4C75-82E7-118CD139B23C}.Release|x86.Build.0 = Release|Win32
		{A6AC97FD-B291-4B0B-A6E3-C983E94F40C0}.Debug|Any CPU.ActiveCfg = Debug|Win32
		{A6AC97FD-B291-4B0B-A6E3-C983E94F40C0}.Debug|x64.ActiveCfg = Debug|x64
		{A6AC97FD-B291-4B0B-A6E3-C983E94F40C0}.Debug|x64.Build.0 = Debug|x64
		{A6AC97FD-B291-4B0B-A6E3-C983E94F40C0}.Debug|x86.ActiveCfg = Debug|Win32
		{A6AC97FD-B291-4B0B-A6E3-C983E94F40C0}.Debug|x86.Build.0 = Debug|Win32
		{A6AC97FD-B291-4B0B-A6E3-C983E94F40C0}.Release|Any CPU.ActiveCfg = Release|Win32
		{A6AC97FD-B291-4B0B-A6E3-C983E94F40C0}.Release|x64.ActiveCfg = Release|x64
		{A6AC97FD-B291-4B0B-A6E3-C983E94F40C0}.Release|x64.Build.0 = Release|x64
		{A6AC97FD-B291-4B0B-A6E3-C983E94F40C0}.Release|x86.ActiveCfg = Release|Win32
		{A6AC97FD-B291-4B0B-A6E3-C983E94F40C0}.Release|x86.Build.0 = Release|Win32
		{EBB55052-FC4D-4449-B18A-37808BD358B5}.Debug|Any CPU.ActiveCfg = Debug|Win32
		{EBB55052-FC4D-4449-B18A-37808BD358B5}.Debug|x64.ActiveCfg = Debug|x64
		{EBB55052-FC4D-4449-B18A-37808BD358B5}.Debug|x64.Build.0 = Debug|x64
		{EBB55052-FC4D-4449-B18A-37808BD358B5}.Debug|x86.ActiveCfg = Debug|Win32
		{EBB55052-FC4D-4449-B18A-37808BD358B5}.Debug|x86.Build.0 = Debug|Win32
		{EBB55052-FC4D-4449-B18A-37808BD358B5}.Release|Any CPU.ActiveCfg = Release|Win32
		{EBB55052-FC4D-4449-B18A-37808BD358B5}.Release|x64.ActiveCfg = Release|x64
		{EBB55052-FC4D-4449-B18A-37808BD358B5}.Release|x64.Build.0 = Release|x64
		{EBB55052-FC4D-4449-B18A-37808BD358B5}.Release|x86.ActiveCfg = Release|Win32
		{EBB55052-FC4D-4449-B18A-37808BD358B5}.Release|x86.Build.0 = Release|Win32
		{6B918507-6556-47A7-80C7-14DEDE516D3C}.Debug|Any CPU.ActiveCfg = Debug|Win32
		{6B918507-6556-47A7-80C7-14DEDE516D3C}.Debug|x64.ActiveCfg = Debug|x64
		{6B918507-6556-47A7-80C7-14DEDE516D3C}.Debug|x64.Build.0 = Debug|x64
		{6B918507-6556-47A7-80C7-14DEDE516D3C}.Debug|x86.ActiveCfg = Debug|Win32
		{6B918507-6556-47A7-80C7-14DEDE516D3C}.Debug|x86.Build.0 = Debug|Win32
		{6B918507-6556-47A7-80C7-14DEDE516D3C}.Release|Any CPU.ActiveCfg = Release|Win32
		{6B918507-6556-47A7-80C7-14DEDE516D3C}.Release|x64.ActiveCfg = Release|x64
		{6B918507-6556-47A7-80C7-14DEDE516D3C}.Release|x64.Build.0 = Release|x64
		{6B918507-6556-47A7-80C7-14DEDE516D3C}.Release|x86.ActiveCfg = Release|Win32
		{6B918507-6556-47A7-80C7-14DEDE516D3C}.Release|x86.Build.0 = Release|Win32
		{B863904E-58B7-4995-9D40-5A44A5D83E52}.Debug|Any CPU.ActiveCfg = Debug|Win32
		{B863904E-58B7-4995-9D40-5A44A5D83E52}.Debug|x64.ActiveCfg = Debug|x64
		{B863904E-58B7-4995-9D40-5A44A5D83E52}.Debug|x64.Build.0 = Debug|x64
		{B863904E-58B7-4995-9D40-5A44A5D83E52}.Debug|x86.ActiveCfg = Debug|Win32
		{B863904E-58B7-4995-9D40-5A44A5D83E52}.Debug|x86.Build.0 = Debug|Win32
		{B863904E-58B7-4995-9D40-5A44A5D83E52}.Release|Any CPU.ActiveCfg = Release|Win32
		{B863904E-58B7-4995-9D40-5A44A5D83E52}.Release|x64.ActiveCfg = Release|x64
		{B863904E-58B7-4995-9D40-5A44A5D83E52}.Release|x64.Build.0 = Release|x64
		{B863904E-58B7-4995-9D40-5A44A5D83E52}.Release|x86.ActiveCfg = Release|Win32
		{B863904E-58B7-4995-9D40-5A44A5D83E52}.Release|x86.Build.0 = Release|Win32
	EndGlobalSection
	GlobalSection(SolutionProperties) = preSolution
		HideSolutionNode = FALSE
	EndGlobalSection
	GlobalSection(ExtensibilityGlobals) = postSolution
		SolutionGuid = {72176EC0-0070-4901-BABA-2C399BA55096}
	EndGlobalSection
EndGlobal
